
Microsoft Visual Studio Solution File, Format Version 12.00
# Visual Studio Version 17
VisualStudioVersion = 17.3.32901.215
MinimumVisualStudioVersion = 10.0.40219.1
Project("{FAE04EC0-301F-11D3-BF4B-00C04F79EFBC}") = "Eindopdracht.BL", "Eindopdracht.BL\Eindopdracht.BL.csproj", "{35EA39FE-D92F-4796-88BF-07A217B27CBE}"
EndProject
Project("{FAE04EC0-301F-11D3-BF4B-00C04F79EFBC}") = "Eindopdracht.DL", "Eindopdracht.DL\Eindopdracht.DL.csproj", "{A551998D-5850-44D6-9F9B-413AA28435AD}"
EndProject
Project("{FAE04EC0-301F-11D3-BF4B-00C04F79EFBC}") = "Eindopdracht.REST", "Eindopdracht.REST\Eindopdracht.REST.csproj", "{B9917487-22B5-4D33-87FD-DEBAF421069A}"
EndProject
Global
	GlobalSection(SolutionConfigurationPlatforms) = preSolution
		Debug|Any CPU = Debug|Any CPU
		Release|Any CPU = Release|Any CPU
	EndGlobalSection
	GlobalSection(ProjectConfigurationPlatforms) = postSolution
		{35EA39FE-D92F-4796-88BF-07A217B27CBE}.Debug|Any CPU.ActiveCfg = Debug|Any CPU
		{35EA39FE-D92F-4796-88BF-07A217B27CBE}.Debug|Any CPU.Build.0 = Debug|Any CPU
		{35EA39FE-D92F-4796-88BF-07A217B27CBE}.Release|Any CPU.ActiveCfg = Release|Any CPU
		{35EA39FE-D92F-4796-88BF-07A217B27CBE}.Release|Any CPU.Build.0 = Release|Any CPU
		{A551998D-5850-44D6-9F9B-413AA28435AD}.Debug|Any CPU.ActiveCfg = Debug|Any CPU
		{A551998D-5850-44D6-9F9B-413AA28435AD}.Debug|Any CPU.Build.0 = Debug|Any CPU
		{A551998D-5850-44D6-9F9B-413AA28435AD}.Release|Any CPU.ActiveCfg = Release|Any CPU
		{A551998D-5850-44D6-9F9B-413AA28435AD}.Release|Any CPU.Build.0 = Release|Any CPU
		{B9917487-22B5-4D33-87FD-DEBAF421069A}.Debug|Any CPU.ActiveCfg = Debug|Any CPU
		{B9917487-22B5-4D33-87FD-DEBAF421069A}.Debug|Any CPU.Build.0 = Debug|Any CPU
		{B9917487-22B5-4D33-87FD-DEBAF421069A}.Release|Any CPU.ActiveCfg = Release|Any CPU
		{B9917487-22B5-4D33-87FD-DEBAF421069A}.Release|Any CPU.Build.0 = Release|Any CPU
	EndGlobalSection
	GlobalSection(SolutionProperties) = preSolution
		HideSolutionNode = FALSE
	EndGlobalSection
	GlobalSection(ExtensibilityGlobals) = postSolution
		SolutionGuid = {1F5DA56D-3C69-4EE4-9B13-EB03E9534DA5}
	EndGlobalSection
EndGlobal
